
Microsoft Visual Studio Solution File, Format Version 12.00
# Visual Studio Version 16
VisualStudioVersion = 16.0.32228.343
MinimumVisualStudioVersion = 10.0.40219.1
Project("{FAE04EC0-301F-11D3-BF4B-00C04F79EFBC}") = "Lab7", "Lab7.csproj", "{9582254A-BB6D-4A64-B281-7C28D0E5F06C}"
EndProject
Global
	GlobalSection(SolutionConfigurationPlatforms) = preSolution
		Debug|Any CPU = Debug|Any CPU
		Release|Any CPU = Release|Any CPU
	EndGlobalSection
	GlobalSection(ProjectConfigurationPlatforms) = postSolution
		{9582254A-BB6D-4A64-B281-7C28D0E5F06C}.Debug|Any CPU.ActiveCfg = Debug|Any CPU
		{9582254A-BB6D-4A64-B281-7C28D0E5F06C}.Debug|Any CPU.Build.0 = Debug|Any CPU
		{9582254A-BB6D-4A64-B281-7C28D0E5F06C}.Release|Any CPU.ActiveCfg = Release|Any CPU
		{9582254A-BB6D-4A64-B281-7C28D0E5F06C}.Release|Any CPU.Build.0 = Release|Any CPU
	EndGlobalSection
	GlobalSection(SolutionProperties) = preSolution
		HideSolutionNode = FALSE
	EndGlobalSection
	GlobalSection(ExtensibilityGlobals) = postSolution
		SolutionGuid = {73EA4653-374A-44D5-82D4-FE8B49913317}
	EndGlobalSection
EndGlobal
