
Microsoft Visual Studio Solution File, Format Version 12.00
# Visual Studio Version 17
VisualStudioVersion = 17.1.32407.343
MinimumVisualStudioVersion = 10.0.40219.1
Project("{FAE04EC0-301F-11D3-BF4B-00C04F79EFBC}") = "Lab_8", "Lab_8\Lab_8.csproj", "{6FC892C3-031B-40E1-913B-1FBCF4EFDB6B}"
EndProject
Global
	GlobalSection(SolutionConfigurationPlatforms) = preSolution
		Debug|Any CPU = Debug|Any CPU
		Release|Any CPU = Release|Any CPU
	EndGlobalSection
	GlobalSection(ProjectConfigurationPlatforms) = postSolution
		{6FC892C3-031B-40E1-913B-1FBCF4EFDB6B}.Debug|Any CPU.ActiveCfg = Debug|Any CPU
		{6FC892C3-031B-40E1-913B-1FBCF4EFDB6B}.Debug|Any CPU.Build.0 = Debug|Any CPU
		{6FC892C3-031B-40E1-913B-1FBCF4EFDB6B}.Release|Any CPU.ActiveCfg = Release|Any CPU
		{6FC892C3-031B-40E1-913B-1FBCF4EFDB6B}.Release|Any CPU.Build.0 = Release|Any CPU
	EndGlobalSection
	GlobalSection(SolutionProperties) = preSolution
		HideSolutionNode = FALSE
	EndGlobalSection
	GlobalSection(ExtensibilityGlobals) = postSolution
		SolutionGuid = {EC8F292D-2633-433A-B4AA-8C6DA343D28B}
	EndGlobalSection
EndGlobal
